
Microsoft Visual Studio Solution File, Format Version 12.00
# Visual Studio 2013
VisualStudioVersion = 12.0.0.0
MinimumVisualStudioVersion = 10.0.0.1
Global
	GlobalSection(SolutionConfigurationPlatforms) = preSolution
		Debug|Any CPU = Debug|Any CPU
		Release|Any CPU = Release|Any CPU
	EndGlobalSection
	GlobalSection(ProjectConfigurationPlatforms) = postSolution
		{B8D1C968-911D-4AC7-80AC-EB0AED750FCB}.Debug|Any CPU.ActiveCfg = Debug|Any CPU
		{B8D1C968-911D-4AC7-80AC-EB0AED750FCB}.Debug|Any CPU.Build.0 = Debug|Any CPU
		{B8D1C968-911D-4AC7-80AC-EB0AED750FCB}.Release|Any CPU.ActiveCfg = Release|Any CPU
		{B8D1C968-911D-4AC7-80AC-EB0AED750FCB}.Release|Any CPU.Build.0 = Release|Any CPU
		{215D3321-7C2A-43A5-A888-F66C87054077}.Debug|Any CPU.ActiveCfg = Debug|Any CPU
		{215D3321-7C2A-43A5-A888-F66C87054077}.Debug|Any CPU.Build.0 = Debug|Any CPU
		{215D3321-7C2A-43A5-A888-F66C87054077}.Release|Any CPU.ActiveCfg = Release|Any CPU
		{215D3321-7C2A-43A5-A888-F66C87054077}.Release|Any CPU.Build.0 = Release|Any CPU
	EndGlobalSection
	GlobalSection(SolutionProperties) = preSolution
		HideSolutionNode = FALSE
	EndGlobalSection
EndGlobal
