
Microsoft Visual Studio Solution File, Format Version 12.00
# Visual Studio 14
VisualStudioVersion = 14.0.25420.1
MinimumVisualStudioVersion = 10.0.40219.1
Project("{8BB2217D-0F2D-49D1-97BC-3654ED321F3B}") = "WhereOperator", "src\Operators\Filtering\WhereOperator\WhereOperator.xproj", "{215D3321-7C2A-43A5-A888-F66C87054077}"
EndProject
Project("{2150E333-8FDC-42A3-9474-1A3956D46DE8}") = "Solution Items", "Solution Items", "{5A74B791-076F-4DAB-BF86-0F36159C9268}"
	ProjectSection(SolutionItems) = preProject
		global.json = global.json
	EndProjectSection
EndProject
Project("{2150E333-8FDC-42A3-9474-1A3956D46DE8}") = "Operators", "Operators", "{3F25D901-EB87-4093-9FF4-122288647594}"
EndProject
Project("{2150E333-8FDC-42A3-9474-1A3956D46DE8}") = "Filtering", "Filtering", "{85325B3C-5A52-4940-9796-82BC6124DD39}"
EndProject
Project("{8BB2217D-0F2D-49D1-97BC-3654ED321F3B}") = "ElementAt", "src\Operators\Filtering\ElementAtOperator\ElementAtOperator.xproj", "{6448EF81-4AD6-4956-973C-48AF251C2C5C}"
EndProject
Project("{8BB2217D-0F2D-49D1-97BC-3654ED321F3B}") = "IgnoreElementsOperator", "src\Operators\Filtering\IgnoreElementsOperator\IgnoreElementsOperator.xproj", "{8DFAA6D5-A4F1-4B19-A42F-B71F51EEA7D4}"
EndProject
Project("{8BB2217D-0F2D-49D1-97BC-3654ED321F3B}") = "DistinctOperator", "src\Operators\Filtering\DistinctOperator\DistinctOperator.xproj", "{316155EC-C861-4F2A-8217-440128025B63}"
EndProject
Project("{8BB2217D-0F2D-49D1-97BC-3654ED321F3B}") = "FirstOperator", "src\Operators\Filtering\FirstOperator\FirstOperator.xproj", "{26E96759-E2DB-4879-B815-2EB694B875D4}"
EndProject
Project("{8BB2217D-0F2D-49D1-97BC-3654ED321F3B}") = "LastOperator", "src\Operators\Filtering\LastOperator\LastOperator.xproj", "{958E7E79-C02A-41AC-ACDD-9A73DFE22150}"
EndProject
Project("{8BB2217D-0F2D-49D1-97BC-3654ED321F3B}") = "SkipAndSkipLastOperator", "src\Operators\Filtering\SkipAndSkipLastOperator\SkipAndSkipLastOperator.xproj", "{0F6AC39B-41BD-43FA-9236-525C4B87773C}"
EndProject
Project("{8BB2217D-0F2D-49D1-97BC-3654ED321F3B}") = "TakeAndTakeLastOperator", "src\Operators\Filtering\TakeAndTakeLastOperator\TakeAndTakeLastOperator.xproj", "{65F63881-8113-4838-B02D-45030613A2CA}"
EndProject
Project("{8BB2217D-0F2D-49D1-97BC-3654ED321F3B}") = "SampleOperator", "src\Operators\Filtering\SampleOperator\SampleOperator.xproj", "{480CE768-EF84-478C-AFE7-330D1C7CAFF3}"
EndProject
Project("{8BB2217D-0F2D-49D1-97BC-3654ED321F3B}") = "ThrottleOperator", "src\Operators\Filtering\ThrottleOperator\ThrottleOperator.xproj", "{AB3C09C5-4DBA-4DE2-ADA2-5EA74A02EA0C}"
EndProject
Project("{2150E333-8FDC-42A3-9474-1A3956D46DE8}") = "Conditional and Boolean", "Conditional and Boolean", "{309E340A-C554-4F09-861D-C336D2BAA3B8}"
EndProject
Project("{8BB2217D-0F2D-49D1-97BC-3654ED321F3B}") = "AllOperator", "src\Operators\Conditional and Boolean\AllOperator\AllOperator.xproj", "{01BEB10C-3676-4EC7-BF9A-3DDB693216BA}"
EndProject
Project("{8BB2217D-0F2D-49D1-97BC-3654ED321F3B}") = "ContainsOperator", "src\Operators\Conditional and Boolean\ContainsOperator\ContainsOperator.xproj", "{156CE9C1-BFC5-4929-97E9-3FC72AE22941}"
EndProject
Project("{8BB2217D-0F2D-49D1-97BC-3654ED321F3B}") = "SequenceEqualsOperator", "src\Operators\Conditional and Boolean\SequenceEqualsOperator\SequenceEqualsOperator.xproj", "{E7D81F29-4143-41F0-A3D1-C6F72BF6180A}"
EndProject
Project("{8BB2217D-0F2D-49D1-97BC-3654ED321F3B}") = "DefaultIfEmptyOperator", "src\Operators\Conditional and Boolean\DefaultIfEmptyOperator\DefaultIfEmptyOperator.xproj", "{A0CD3063-AB36-479B-A27B-43044AAC9819}"
EndProject
Project("{8BB2217D-0F2D-49D1-97BC-3654ED321F3B}") = "SkipUntilOperator", "src\Operators\Conditional and Boolean\SkipUntilOperator\SkipUntilOperator.xproj", "{A254F794-A7AF-4A39-A2EE-76B0DD629E6E}"
EndProject
Project("{8BB2217D-0F2D-49D1-97BC-3654ED321F3B}") = "SkipWhileOperator", "src\Operators\Conditional and Boolean\SkipWhileOperator\SkipWhileOperator.xproj", "{C69321D0-8036-4133-A643-E8978B70EF27}"
EndProject
Project("{8BB2217D-0F2D-49D1-97BC-3654ED321F3B}") = "TakeUntilOperator", "src\Operators\Conditional and Boolean\TakeUntilOperator\TakeUntilOperator.xproj", "{920B510A-B90A-4F56-B4B0-92CB9F68F6D9}"
EndProject
Project("{8BB2217D-0F2D-49D1-97BC-3654ED321F3B}") = "TakeWhileOperator", "src\Operators\Conditional and Boolean\TakeWhileOperator\TakeWhileOperator.xproj", "{585B6B2A-7A3D-44E8-A059-B63EDC37D715}"
EndProject
Project("{8BB2217D-0F2D-49D1-97BC-3654ED321F3B}") = "AmbOperator", "src\Operators\Conditional and Boolean\AmbOperator\AmbOperator.xproj", "{08DE2337-03D0-499D-A673-6DB71AB5DECE}"
EndProject
Project("{2150E333-8FDC-42A3-9474-1A3956D46DE8}") = "Mathematical and Aggregate", "Mathematical and Aggregate", "{619FD705-1FA4-44FB-8D89-A5BB358FCBB0}"
EndProject
Project("{8BB2217D-0F2D-49D1-97BC-3654ED321F3B}") = "MinOperator", "src\Operators\Mathematical and Aggregate\MinOperator\MinOperator.xproj", "{CDA5C69C-8268-494D-B292-78F4FF9D8B24}"
EndProject
Project("{8BB2217D-0F2D-49D1-97BC-3654ED321F3B}") = "MaxOperator", "src\Operators\Mathematical and Aggregate\MaxOperator\MaxOperator.xproj", "{E4D85F71-4C8F-4A44-B5AD-6DD49FE1F1D8}"
EndProject
Project("{8BB2217D-0F2D-49D1-97BC-3654ED321F3B}") = "SumOperator", "src\Operators\Mathematical and Aggregate\SumOperator\SumOperator.xproj", "{3C259154-73E6-43B4-AE10-5DB06A3C21AD}"
EndProject
Project("{8BB2217D-0F2D-49D1-97BC-3654ED321F3B}") = "AverageOperator", "src\Operators\Mathematical and Aggregate\AverageOperator\AverageOperator.xproj", "{3EC2AFE1-7DA1-4F2E-8FB5-D3A3B516DCB2}"
EndProject
Project("{8BB2217D-0F2D-49D1-97BC-3654ED321F3B}") = "CountOperator", "src\Operators\Mathematical and Aggregate\CountOperator\CountOperator.xproj", "{2AE1D19B-512A-4050-AA36-8E309F77E7F1}"
EndProject
Project("{8BB2217D-0F2D-49D1-97BC-3654ED321F3B}") = "AggregateOperator", "src\Operators\Mathematical and Aggregate\AggregateOperator\AggregateOperator.xproj", "{5E96ED03-D401-482A-A589-4DA5BCF46B08}"
EndProject
Project("{8BB2217D-0F2D-49D1-97BC-3654ED321F3B}") = "ConcatOperator", "src\Operators\Mathematical and Aggregate\ConcatOperator\ConcatOperator.xproj", "{97C06A2F-C91D-42FC-AAE2-767C7285BA41}"
EndProject
Project("{2150E333-8FDC-42A3-9474-1A3956D46DE8}") = "Transforming", "Transforming", "{05D746F2-9809-401E-B667-E2C8AD2287FB}"
EndProject
Project("{8BB2217D-0F2D-49D1-97BC-3654ED321F3B}") = "SelectOperator", "src\Operators\Transforming\SelectOperator\SelectOperator.xproj", "{FA7807C2-F8B1-4532-8767-066AD2F2917B}"
EndProject
Project("{8BB2217D-0F2D-49D1-97BC-3654ED321F3B}") = "SelectManyOperator", "src\Operators\Transforming\SelectManyOperator\SelectManyOperator.xproj", "{0A118426-3013-4B07-9007-3FECFF34547D}"
EndProject
Project("{8BB2217D-0F2D-49D1-97BC-3654ED321F3B}") = "GroupByOperator", "src\Operators\Transforming\GroupByOperator\GroupByOperator.xproj", "{85B6348B-7311-4BAA-9005-2CA8E609EBF2}"
EndProject
Project("{8BB2217D-0F2D-49D1-97BC-3654ED321F3B}") = "ScanOperator", "src\Operators\Transforming\ScanOperator\ScanOperator.xproj", "{1D48F167-5600-47E0-B5AB-9BCF7C743F1F}"
EndProject
Project("{8BB2217D-0F2D-49D1-97BC-3654ED321F3B}") = "BufferOperator", "src\Operators\Transforming\BufferOperator\BufferOperator.xproj", "{5A68163C-E135-4CE5-8C6D-DF1372116F43}"
EndProject
Project("{8BB2217D-0F2D-49D1-97BC-3654ED321F3B}") = "WindowOperator", "src\Operators\Transforming\WindowOperator\WindowOperator.xproj", "{33CF23B2-4C12-49D2-8963-88C5797689CF}"
EndProject
Project("{2150E333-8FDC-42A3-9474-1A3956D46DE8}") = "Combining", "Combining", "{F7F86B67-52A1-4037-98FC-4640106EEFDF}"
EndProject
Project("{8BB2217D-0F2D-49D1-97BC-3654ED321F3B}") = "ZipOperator", "src\Operators\Combining\ZipOperator\ZipOperator.xproj", "{8C11EF1B-EE2C-4125-864D-670EA75E951F}"
EndProject
Project("{8BB2217D-0F2D-49D1-97BC-3654ED321F3B}") = "AndThenWhenOperators", "src\Operators\Combining\AndThenWhenOperators\AndThenWhenOperators.xproj", "{49FCCFFC-0DA2-4FEC-8726-FB6050DE775A}"
EndProject
Project("{8BB2217D-0F2D-49D1-97BC-3654ED321F3B}") = "JoinOperator", "src\Operators\Combining\JoinOperator\JoinOperator.xproj", "{DDC75D37-4EC3-469B-A582-0195D9132ACC}"
EndProject
Project("{8BB2217D-0F2D-49D1-97BC-3654ED321F3B}") = "MergeOperator", "src\Operators\Combining\MergeOperator\MergeOperator.xproj", "{5D95F4A1-F051-4E42-8BB1-FDC7CAAAF8BD}"
EndProject
Project("{8BB2217D-0F2D-49D1-97BC-3654ED321F3B}") = "SwitchOperator", "src\Operators\Combining\SwitchOperator\SwitchOperator.xproj", "{C026E2A5-7227-4233-9165-126381E30EFA}"
EndProject
Project("{8BB2217D-0F2D-49D1-97BC-3654ED321F3B}") = "StartWithOperator", "src\Operators\Combining\StartWithOperator\StartWithOperator.xproj", "{6B5D8BDD-0F14-4BA5-BD31-4BEFEDF2A909}"
EndProject
Project("{8BB2217D-0F2D-49D1-97BC-3654ED321F3B}") = "CombineLatestOperator", "src\Operators\Combining\CombineLatestOperator\CombineLatestOperator.xproj", "{EF0DB179-1B5F-47A4-A2C3-AC634937631A}"
EndProject
Project("{2150E333-8FDC-42A3-9474-1A3956D46DE8}") = "Error Handling", "Error Handling", "{53096EC1-6523-486E-8BE1-CE968CA3E759}"
EndProject
Project("{8BB2217D-0F2D-49D1-97BC-3654ED321F3B}") = "CatchOperator", "src\Operators\Error Handling\CatchOperator\CatchOperator.xproj", "{954D5817-4964-4EC1-B7E3-08C905999EC8}"
EndProject
Project("{8BB2217D-0F2D-49D1-97BC-3654ED321F3B}") = "RetryOperator", "src\Operators\Error Handling\RetryOperator\RetryOperator.xproj", "{F736BB72-C351-4E2C-B394-4E0C3F6E590C}"
EndProject
Project("{2150E333-8FDC-42A3-9474-1A3956D46DE8}") = "Utility", "Utility", "{576779E9-2E32-4FD2-96C7-97E0D15C9EBA}"
EndProject
Project("{8BB2217D-0F2D-49D1-97BC-3654ED321F3B}") = "DoOperator", "src\Operators\Utility\DoOperator\DoOperator.xproj", "{4A434C44-B3A1-43D4-AF12-D941A1546CF2}"
EndProject
Project("{8BB2217D-0F2D-49D1-97BC-3654ED321F3B}") = "DelayOperator", "src\Operators\Utility\DelayOperator\DelayOperator.xproj", "{51DCB4B6-735C-4A96-8326-081DBBB96C11}"
EndProject
Project("{8BB2217D-0F2D-49D1-97BC-3654ED321F3B}") = "MaterializeAndDematerializeOperators", "src\Operators\Utility\MaterializeAndDematerializeOperators\MaterializeAndDematerializeOperators.xproj", "{5CC530C7-A819-44E2-910F-D390A6798181}"
EndProject
Project("{8BB2217D-0F2D-49D1-97BC-3654ED321F3B}") = "TimestampAndTimeIntervalOperators", "src\Operators\Utility\TimestampAndTimeIntervalOperators\TimestampAndTimeIntervalOperators.xproj", "{A94785BD-F27F-418B-A460-5D01603F54D1}"
EndProject
Project("{8BB2217D-0F2D-49D1-97BC-3654ED321F3B}") = "TimeoutOperator", "src\Operators\Utility\TimeoutOperator\TimeoutOperator.xproj", "{1F59713F-F9D9-4ECB-A681-87AD61E43453}"
EndProject
Project("{8BB2217D-0F2D-49D1-97BC-3654ED321F3B}") = "UsingOperator", "src\Operators\Utility\UsingOperator\UsingOperator.xproj", "{3A61B900-0186-4680-A193-4916C6AB164B}"
EndProject
Project("{2150E333-8FDC-42A3-9474-1A3956D46DE8}") = "Creating", "Creating", "{C91B8B14-3B9F-4C80-B62C-FE21D8E80036}"
EndProject
Project("{8BB2217D-0F2D-49D1-97BC-3654ED321F3B}") = "CreateOperator", "src\Operators\Creating\CreateOperator\CreateOperator.xproj", "{8C7D9667-9DFD-46DF-B492-0DF1C309BA75}"
EndProject
Global
	GlobalSection(SolutionConfigurationPlatforms) = preSolution
		Debug|Any CPU = Debug|Any CPU
		Release|Any CPU = Release|Any CPU
	EndGlobalSection
	GlobalSection(ProjectConfigurationPlatforms) = postSolution
		{215D3321-7C2A-43A5-A888-F66C87054077}.Debug|Any CPU.ActiveCfg = Debug|Any CPU
		{215D3321-7C2A-43A5-A888-F66C87054077}.Debug|Any CPU.Build.0 = Debug|Any CPU
		{215D3321-7C2A-43A5-A888-F66C87054077}.Release|Any CPU.ActiveCfg = Release|Any CPU
		{215D3321-7C2A-43A5-A888-F66C87054077}.Release|Any CPU.Build.0 = Release|Any CPU
		{6448EF81-4AD6-4956-973C-48AF251C2C5C}.Debug|Any CPU.ActiveCfg = Debug|Any CPU
		{6448EF81-4AD6-4956-973C-48AF251C2C5C}.Debug|Any CPU.Build.0 = Debug|Any CPU
		{6448EF81-4AD6-4956-973C-48AF251C2C5C}.Release|Any CPU.ActiveCfg = Release|Any CPU
		{6448EF81-4AD6-4956-973C-48AF251C2C5C}.Release|Any CPU.Build.0 = Release|Any CPU
		{8DFAA6D5-A4F1-4B19-A42F-B71F51EEA7D4}.Debug|Any CPU.ActiveCfg = Debug|Any CPU
		{8DFAA6D5-A4F1-4B19-A42F-B71F51EEA7D4}.Debug|Any CPU.Build.0 = Debug|Any CPU
		{8DFAA6D5-A4F1-4B19-A42F-B71F51EEA7D4}.Release|Any CPU.ActiveCfg = Release|Any CPU
		{8DFAA6D5-A4F1-4B19-A42F-B71F51EEA7D4}.Release|Any CPU.Build.0 = Release|Any CPU
		{316155EC-C861-4F2A-8217-440128025B63}.Debug|Any CPU.ActiveCfg = Debug|Any CPU
		{316155EC-C861-4F2A-8217-440128025B63}.Debug|Any CPU.Build.0 = Debug|Any CPU
		{316155EC-C861-4F2A-8217-440128025B63}.Release|Any CPU.ActiveCfg = Release|Any CPU
		{316155EC-C861-4F2A-8217-440128025B63}.Release|Any CPU.Build.0 = Release|Any CPU
		{26E96759-E2DB-4879-B815-2EB694B875D4}.Debug|Any CPU.ActiveCfg = Debug|Any CPU
		{26E96759-E2DB-4879-B815-2EB694B875D4}.Debug|Any CPU.Build.0 = Debug|Any CPU
		{26E96759-E2DB-4879-B815-2EB694B875D4}.Release|Any CPU.ActiveCfg = Release|Any CPU
		{26E96759-E2DB-4879-B815-2EB694B875D4}.Release|Any CPU.Build.0 = Release|Any CPU
		{958E7E79-C02A-41AC-ACDD-9A73DFE22150}.Debug|Any CPU.ActiveCfg = Debug|Any CPU
		{958E7E79-C02A-41AC-ACDD-9A73DFE22150}.Debug|Any CPU.Build.0 = Debug|Any CPU
		{958E7E79-C02A-41AC-ACDD-9A73DFE22150}.Release|Any CPU.ActiveCfg = Release|Any CPU
		{958E7E79-C02A-41AC-ACDD-9A73DFE22150}.Release|Any CPU.Build.0 = Release|Any CPU
		{0F6AC39B-41BD-43FA-9236-525C4B87773C}.Debug|Any CPU.ActiveCfg = Debug|Any CPU
		{0F6AC39B-41BD-43FA-9236-525C4B87773C}.Debug|Any CPU.Build.0 = Debug|Any CPU
		{0F6AC39B-41BD-43FA-9236-525C4B87773C}.Release|Any CPU.ActiveCfg = Release|Any CPU
		{0F6AC39B-41BD-43FA-9236-525C4B87773C}.Release|Any CPU.Build.0 = Release|Any CPU
		{65F63881-8113-4838-B02D-45030613A2CA}.Debug|Any CPU.ActiveCfg = Debug|Any CPU
		{65F63881-8113-4838-B02D-45030613A2CA}.Debug|Any CPU.Build.0 = Debug|Any CPU
		{65F63881-8113-4838-B02D-45030613A2CA}.Release|Any CPU.ActiveCfg = Release|Any CPU
		{65F63881-8113-4838-B02D-45030613A2CA}.Release|Any CPU.Build.0 = Release|Any CPU
		{480CE768-EF84-478C-AFE7-330D1C7CAFF3}.Debug|Any CPU.ActiveCfg = Debug|Any CPU
		{480CE768-EF84-478C-AFE7-330D1C7CAFF3}.Debug|Any CPU.Build.0 = Debug|Any CPU
		{480CE768-EF84-478C-AFE7-330D1C7CAFF3}.Release|Any CPU.ActiveCfg = Release|Any CPU
		{480CE768-EF84-478C-AFE7-330D1C7CAFF3}.Release|Any CPU.Build.0 = Release|Any CPU
		{AB3C09C5-4DBA-4DE2-ADA2-5EA74A02EA0C}.Debug|Any CPU.ActiveCfg = Debug|Any CPU
		{AB3C09C5-4DBA-4DE2-ADA2-5EA74A02EA0C}.Debug|Any CPU.Build.0 = Debug|Any CPU
		{AB3C09C5-4DBA-4DE2-ADA2-5EA74A02EA0C}.Release|Any CPU.ActiveCfg = Release|Any CPU
		{AB3C09C5-4DBA-4DE2-ADA2-5EA74A02EA0C}.Release|Any CPU.Build.0 = Release|Any CPU
		{01BEB10C-3676-4EC7-BF9A-3DDB693216BA}.Debug|Any CPU.ActiveCfg = Debug|Any CPU
		{01BEB10C-3676-4EC7-BF9A-3DDB693216BA}.Debug|Any CPU.Build.0 = Debug|Any CPU
		{01BEB10C-3676-4EC7-BF9A-3DDB693216BA}.Release|Any CPU.ActiveCfg = Release|Any CPU
		{01BEB10C-3676-4EC7-BF9A-3DDB693216BA}.Release|Any CPU.Build.0 = Release|Any CPU
		{156CE9C1-BFC5-4929-97E9-3FC72AE22941}.Debug|Any CPU.ActiveCfg = Debug|Any CPU
		{156CE9C1-BFC5-4929-97E9-3FC72AE22941}.Debug|Any CPU.Build.0 = Debug|Any CPU
		{156CE9C1-BFC5-4929-97E9-3FC72AE22941}.Release|Any CPU.ActiveCfg = Release|Any CPU
		{156CE9C1-BFC5-4929-97E9-3FC72AE22941}.Release|Any CPU.Build.0 = Release|Any CPU
		{E7D81F29-4143-41F0-A3D1-C6F72BF6180A}.Debug|Any CPU.ActiveCfg = Debug|Any CPU
		{E7D81F29-4143-41F0-A3D1-C6F72BF6180A}.Debug|Any CPU.Build.0 = Debug|Any CPU
		{E7D81F29-4143-41F0-A3D1-C6F72BF6180A}.Release|Any CPU.ActiveCfg = Release|Any CPU
		{E7D81F29-4143-41F0-A3D1-C6F72BF6180A}.Release|Any CPU.Build.0 = Release|Any CPU
		{A0CD3063-AB36-479B-A27B-43044AAC9819}.Debug|Any CPU.ActiveCfg = Debug|Any CPU
		{A0CD3063-AB36-479B-A27B-43044AAC9819}.Debug|Any CPU.Build.0 = Debug|Any CPU
		{A0CD3063-AB36-479B-A27B-43044AAC9819}.Release|Any CPU.ActiveCfg = Release|Any CPU
		{A0CD3063-AB36-479B-A27B-43044AAC9819}.Release|Any CPU.Build.0 = Release|Any CPU
		{A254F794-A7AF-4A39-A2EE-76B0DD629E6E}.Debug|Any CPU.ActiveCfg = Debug|Any CPU
		{A254F794-A7AF-4A39-A2EE-76B0DD629E6E}.Debug|Any CPU.Build.0 = Debug|Any CPU
		{A254F794-A7AF-4A39-A2EE-76B0DD629E6E}.Release|Any CPU.ActiveCfg = Release|Any CPU
		{A254F794-A7AF-4A39-A2EE-76B0DD629E6E}.Release|Any CPU.Build.0 = Release|Any CPU
		{C69321D0-8036-4133-A643-E8978B70EF27}.Debug|Any CPU.ActiveCfg = Debug|Any CPU
		{C69321D0-8036-4133-A643-E8978B70EF27}.Debug|Any CPU.Build.0 = Debug|Any CPU
		{C69321D0-8036-4133-A643-E8978B70EF27}.Release|Any CPU.ActiveCfg = Release|Any CPU
		{C69321D0-8036-4133-A643-E8978B70EF27}.Release|Any CPU.Build.0 = Release|Any CPU
		{920B510A-B90A-4F56-B4B0-92CB9F68F6D9}.Debug|Any CPU.ActiveCfg = Debug|Any CPU
		{920B510A-B90A-4F56-B4B0-92CB9F68F6D9}.Debug|Any CPU.Build.0 = Debug|Any CPU
		{920B510A-B90A-4F56-B4B0-92CB9F68F6D9}.Release|Any CPU.ActiveCfg = Release|Any CPU
		{920B510A-B90A-4F56-B4B0-92CB9F68F6D9}.Release|Any CPU.Build.0 = Release|Any CPU
		{585B6B2A-7A3D-44E8-A059-B63EDC37D715}.Debug|Any CPU.ActiveCfg = Debug|Any CPU
		{585B6B2A-7A3D-44E8-A059-B63EDC37D715}.Debug|Any CPU.Build.0 = Debug|Any CPU
		{585B6B2A-7A3D-44E8-A059-B63EDC37D715}.Release|Any CPU.ActiveCfg = Release|Any CPU
		{585B6B2A-7A3D-44E8-A059-B63EDC37D715}.Release|Any CPU.Build.0 = Release|Any CPU
		{08DE2337-03D0-499D-A673-6DB71AB5DECE}.Debug|Any CPU.ActiveCfg = Debug|Any CPU
		{08DE2337-03D0-499D-A673-6DB71AB5DECE}.Debug|Any CPU.Build.0 = Debug|Any CPU
		{08DE2337-03D0-499D-A673-6DB71AB5DECE}.Release|Any CPU.ActiveCfg = Release|Any CPU
		{08DE2337-03D0-499D-A673-6DB71AB5DECE}.Release|Any CPU.Build.0 = Release|Any CPU
		{CDA5C69C-8268-494D-B292-78F4FF9D8B24}.Debug|Any CPU.ActiveCfg = Debug|Any CPU
		{CDA5C69C-8268-494D-B292-78F4FF9D8B24}.Debug|Any CPU.Build.0 = Debug|Any CPU
		{CDA5C69C-8268-494D-B292-78F4FF9D8B24}.Release|Any CPU.ActiveCfg = Release|Any CPU
		{CDA5C69C-8268-494D-B292-78F4FF9D8B24}.Release|Any CPU.Build.0 = Release|Any CPU
		{E4D85F71-4C8F-4A44-B5AD-6DD49FE1F1D8}.Debug|Any CPU.ActiveCfg = Debug|Any CPU
		{E4D85F71-4C8F-4A44-B5AD-6DD49FE1F1D8}.Debug|Any CPU.Build.0 = Debug|Any CPU
		{E4D85F71-4C8F-4A44-B5AD-6DD49FE1F1D8}.Release|Any CPU.ActiveCfg = Release|Any CPU
		{E4D85F71-4C8F-4A44-B5AD-6DD49FE1F1D8}.Release|Any CPU.Build.0 = Release|Any CPU
		{3C259154-73E6-43B4-AE10-5DB06A3C21AD}.Debug|Any CPU.ActiveCfg = Debug|Any CPU
		{3C259154-73E6-43B4-AE10-5DB06A3C21AD}.Debug|Any CPU.Build.0 = Debug|Any CPU
		{3C259154-73E6-43B4-AE10-5DB06A3C21AD}.Release|Any CPU.ActiveCfg = Release|Any CPU
		{3C259154-73E6-43B4-AE10-5DB06A3C21AD}.Release|Any CPU.Build.0 = Release|Any CPU
		{3EC2AFE1-7DA1-4F2E-8FB5-D3A3B516DCB2}.Debug|Any CPU.ActiveCfg = Debug|Any CPU
		{3EC2AFE1-7DA1-4F2E-8FB5-D3A3B516DCB2}.Debug|Any CPU.Build.0 = Debug|Any CPU
		{3EC2AFE1-7DA1-4F2E-8FB5-D3A3B516DCB2}.Release|Any CPU.ActiveCfg = Release|Any CPU
		{3EC2AFE1-7DA1-4F2E-8FB5-D3A3B516DCB2}.Release|Any CPU.Build.0 = Release|Any CPU
		{2AE1D19B-512A-4050-AA36-8E309F77E7F1}.Debug|Any CPU.ActiveCfg = Debug|Any CPU
		{2AE1D19B-512A-4050-AA36-8E309F77E7F1}.Debug|Any CPU.Build.0 = Debug|Any CPU
		{2AE1D19B-512A-4050-AA36-8E309F77E7F1}.Release|Any CPU.ActiveCfg = Release|Any CPU
		{2AE1D19B-512A-4050-AA36-8E309F77E7F1}.Release|Any CPU.Build.0 = Release|Any CPU
		{5E96ED03-D401-482A-A589-4DA5BCF46B08}.Debug|Any CPU.ActiveCfg = Debug|Any CPU
		{5E96ED03-D401-482A-A589-4DA5BCF46B08}.Debug|Any CPU.Build.0 = Debug|Any CPU
		{5E96ED03-D401-482A-A589-4DA5BCF46B08}.Release|Any CPU.ActiveCfg = Release|Any CPU
		{5E96ED03-D401-482A-A589-4DA5BCF46B08}.Release|Any CPU.Build.0 = Release|Any CPU
		{97C06A2F-C91D-42FC-AAE2-767C7285BA41}.Debug|Any CPU.ActiveCfg = Debug|Any CPU
		{97C06A2F-C91D-42FC-AAE2-767C7285BA41}.Debug|Any CPU.Build.0 = Debug|Any CPU
		{97C06A2F-C91D-42FC-AAE2-767C7285BA41}.Release|Any CPU.ActiveCfg = Release|Any CPU
		{97C06A2F-C91D-42FC-AAE2-767C7285BA41}.Release|Any CPU.Build.0 = Release|Any CPU
		{FA7807C2-F8B1-4532-8767-066AD2F2917B}.Debug|Any CPU.ActiveCfg = Debug|Any CPU
		{FA7807C2-F8B1-4532-8767-066AD2F2917B}.Debug|Any CPU.Build.0 = Debug|Any CPU
		{FA7807C2-F8B1-4532-8767-066AD2F2917B}.Release|Any CPU.ActiveCfg = Release|Any CPU
		{FA7807C2-F8B1-4532-8767-066AD2F2917B}.Release|Any CPU.Build.0 = Release|Any CPU
		{0A118426-3013-4B07-9007-3FECFF34547D}.Debug|Any CPU.ActiveCfg = Debug|Any CPU
		{0A118426-3013-4B07-9007-3FECFF34547D}.Debug|Any CPU.Build.0 = Debug|Any CPU
		{0A118426-3013-4B07-9007-3FECFF34547D}.Release|Any CPU.ActiveCfg = Release|Any CPU
		{0A118426-3013-4B07-9007-3FECFF34547D}.Release|Any CPU.Build.0 = Release|Any CPU
		{85B6348B-7311-4BAA-9005-2CA8E609EBF2}.Debug|Any CPU.ActiveCfg = Debug|Any CPU
		{85B6348B-7311-4BAA-9005-2CA8E609EBF2}.Debug|Any CPU.Build.0 = Debug|Any CPU
		{85B6348B-7311-4BAA-9005-2CA8E609EBF2}.Release|Any CPU.ActiveCfg = Release|Any CPU
		{85B6348B-7311-4BAA-9005-2CA8E609EBF2}.Release|Any CPU.Build.0 = Release|Any CPU
		{1D48F167-5600-47E0-B5AB-9BCF7C743F1F}.Debug|Any CPU.ActiveCfg = Debug|Any CPU
		{1D48F167-5600-47E0-B5AB-9BCF7C743F1F}.Debug|Any CPU.Build.0 = Debug|Any CPU
		{1D48F167-5600-47E0-B5AB-9BCF7C743F1F}.Release|Any CPU.ActiveCfg = Release|Any CPU
		{1D48F167-5600-47E0-B5AB-9BCF7C743F1F}.Release|Any CPU.Build.0 = Release|Any CPU
		{5A68163C-E135-4CE5-8C6D-DF1372116F43}.Debug|Any CPU.ActiveCfg = Debug|Any CPU
		{5A68163C-E135-4CE5-8C6D-DF1372116F43}.Debug|Any CPU.Build.0 = Debug|Any CPU
		{5A68163C-E135-4CE5-8C6D-DF1372116F43}.Release|Any CPU.ActiveCfg = Release|Any CPU
		{5A68163C-E135-4CE5-8C6D-DF1372116F43}.Release|Any CPU.Build.0 = Release|Any CPU
		{33CF23B2-4C12-49D2-8963-88C5797689CF}.Debug|Any CPU.ActiveCfg = Debug|Any CPU
		{33CF23B2-4C12-49D2-8963-88C5797689CF}.Debug|Any CPU.Build.0 = Debug|Any CPU
		{33CF23B2-4C12-49D2-8963-88C5797689CF}.Release|Any CPU.ActiveCfg = Release|Any CPU
		{33CF23B2-4C12-49D2-8963-88C5797689CF}.Release|Any CPU.Build.0 = Release|Any CPU
		{8C11EF1B-EE2C-4125-864D-670EA75E951F}.Debug|Any CPU.ActiveCfg = Debug|Any CPU
		{8C11EF1B-EE2C-4125-864D-670EA75E951F}.Debug|Any CPU.Build.0 = Debug|Any CPU
		{8C11EF1B-EE2C-4125-864D-670EA75E951F}.Release|Any CPU.ActiveCfg = Release|Any CPU
		{8C11EF1B-EE2C-4125-864D-670EA75E951F}.Release|Any CPU.Build.0 = Release|Any CPU
		{49FCCFFC-0DA2-4FEC-8726-FB6050DE775A}.Debug|Any CPU.ActiveCfg = Debug|Any CPU
		{49FCCFFC-0DA2-4FEC-8726-FB6050DE775A}.Debug|Any CPU.Build.0 = Debug|Any CPU
		{49FCCFFC-0DA2-4FEC-8726-FB6050DE775A}.Release|Any CPU.ActiveCfg = Release|Any CPU
		{49FCCFFC-0DA2-4FEC-8726-FB6050DE775A}.Release|Any CPU.Build.0 = Release|Any CPU
		{DDC75D37-4EC3-469B-A582-0195D9132ACC}.Debug|Any CPU.ActiveCfg = Debug|Any CPU
		{DDC75D37-4EC3-469B-A582-0195D9132ACC}.Debug|Any CPU.Build.0 = Debug|Any CPU
		{DDC75D37-4EC3-469B-A582-0195D9132ACC}.Release|Any CPU.ActiveCfg = Release|Any CPU
		{DDC75D37-4EC3-469B-A582-0195D9132ACC}.Release|Any CPU.Build.0 = Release|Any CPU
		{5D95F4A1-F051-4E42-8BB1-FDC7CAAAF8BD}.Debug|Any CPU.ActiveCfg = Debug|Any CPU
		{5D95F4A1-F051-4E42-8BB1-FDC7CAAAF8BD}.Debug|Any CPU.Build.0 = Debug|Any CPU
		{5D95F4A1-F051-4E42-8BB1-FDC7CAAAF8BD}.Release|Any CPU.ActiveCfg = Release|Any CPU
		{5D95F4A1-F051-4E42-8BB1-FDC7CAAAF8BD}.Release|Any CPU.Build.0 = Release|Any CPU
		{C026E2A5-7227-4233-9165-126381E30EFA}.Debug|Any CPU.ActiveCfg = Debug|Any CPU
		{C026E2A5-7227-4233-9165-126381E30EFA}.Debug|Any CPU.Build.0 = Debug|Any CPU
		{C026E2A5-7227-4233-9165-126381E30EFA}.Release|Any CPU.ActiveCfg = Release|Any CPU
		{C026E2A5-7227-4233-9165-126381E30EFA}.Release|Any CPU.Build.0 = Release|Any CPU
		{6B5D8BDD-0F14-4BA5-BD31-4BEFEDF2A909}.Debug|Any CPU.ActiveCfg = Debug|Any CPU
		{6B5D8BDD-0F14-4BA5-BD31-4BEFEDF2A909}.Debug|Any CPU.Build.0 = Debug|Any CPU
		{6B5D8BDD-0F14-4BA5-BD31-4BEFEDF2A909}.Release|Any CPU.ActiveCfg = Release|Any CPU
		{6B5D8BDD-0F14-4BA5-BD31-4BEFEDF2A909}.Release|Any CPU.Build.0 = Release|Any CPU
		{EF0DB179-1B5F-47A4-A2C3-AC634937631A}.Debug|Any CPU.ActiveCfg = Debug|Any CPU
		{EF0DB179-1B5F-47A4-A2C3-AC634937631A}.Debug|Any CPU.Build.0 = Debug|Any CPU
		{EF0DB179-1B5F-47A4-A2C3-AC634937631A}.Release|Any CPU.ActiveCfg = Release|Any CPU
		{EF0DB179-1B5F-47A4-A2C3-AC634937631A}.Release|Any CPU.Build.0 = Release|Any CPU
		{954D5817-4964-4EC1-B7E3-08C905999EC8}.Debug|Any CPU.ActiveCfg = Debug|Any CPU
		{954D5817-4964-4EC1-B7E3-08C905999EC8}.Debug|Any CPU.Build.0 = Debug|Any CPU
		{954D5817-4964-4EC1-B7E3-08C905999EC8}.Release|Any CPU.ActiveCfg = Release|Any CPU
		{954D5817-4964-4EC1-B7E3-08C905999EC8}.Release|Any CPU.Build.0 = Release|Any CPU
		{F736BB72-C351-4E2C-B394-4E0C3F6E590C}.Debug|Any CPU.ActiveCfg = Debug|Any CPU
		{F736BB72-C351-4E2C-B394-4E0C3F6E590C}.Debug|Any CPU.Build.0 = Debug|Any CPU
		{F736BB72-C351-4E2C-B394-4E0C3F6E590C}.Release|Any CPU.ActiveCfg = Release|Any CPU
		{F736BB72-C351-4E2C-B394-4E0C3F6E590C}.Release|Any CPU.Build.0 = Release|Any CPU
		{4A434C44-B3A1-43D4-AF12-D941A1546CF2}.Debug|Any CPU.ActiveCfg = Debug|Any CPU
		{4A434C44-B3A1-43D4-AF12-D941A1546CF2}.Debug|Any CPU.Build.0 = Debug|Any CPU
		{4A434C44-B3A1-43D4-AF12-D941A1546CF2}.Release|Any CPU.ActiveCfg = Release|Any CPU
		{4A434C44-B3A1-43D4-AF12-D941A1546CF2}.Release|Any CPU.Build.0 = Release|Any CPU
		{51DCB4B6-735C-4A96-8326-081DBBB96C11}.Debug|Any CPU.ActiveCfg = Debug|Any CPU
		{51DCB4B6-735C-4A96-8326-081DBBB96C11}.Debug|Any CPU.Build.0 = Debug|Any CPU
		{51DCB4B6-735C-4A96-8326-081DBBB96C11}.Release|Any CPU.ActiveCfg = Release|Any CPU
		{51DCB4B6-735C-4A96-8326-081DBBB96C11}.Release|Any CPU.Build.0 = Release|Any CPU
		{5CC530C7-A819-44E2-910F-D390A6798181}.Debug|Any CPU.ActiveCfg = Debug|Any CPU
		{5CC530C7-A819-44E2-910F-D390A6798181}.Debug|Any CPU.Build.0 = Debug|Any CPU
		{5CC530C7-A819-44E2-910F-D390A6798181}.Release|Any CPU.ActiveCfg = Release|Any CPU
		{5CC530C7-A819-44E2-910F-D390A6798181}.Release|Any CPU.Build.0 = Release|Any CPU
		{A94785BD-F27F-418B-A460-5D01603F54D1}.Debug|Any CPU.ActiveCfg = Debug|Any CPU
		{A94785BD-F27F-418B-A460-5D01603F54D1}.Debug|Any CPU.Build.0 = Debug|Any CPU
		{A94785BD-F27F-418B-A460-5D01603F54D1}.Release|Any CPU.ActiveCfg = Release|Any CPU
		{A94785BD-F27F-418B-A460-5D01603F54D1}.Release|Any CPU.Build.0 = Release|Any CPU
		{1F59713F-F9D9-4ECB-A681-87AD61E43453}.Debug|Any CPU.ActiveCfg = Debug|Any CPU
		{1F59713F-F9D9-4ECB-A681-87AD61E43453}.Debug|Any CPU.Build.0 = Debug|Any CPU
		{1F59713F-F9D9-4ECB-A681-87AD61E43453}.Release|Any CPU.ActiveCfg = Release|Any CPU
		{1F59713F-F9D9-4ECB-A681-87AD61E43453}.Release|Any CPU.Build.0 = Release|Any CPU
		{3A61B900-0186-4680-A193-4916C6AB164B}.Debug|Any CPU.ActiveCfg = Debug|Any CPU
		{3A61B900-0186-4680-A193-4916C6AB164B}.Debug|Any CPU.Build.0 = Debug|Any CPU
		{3A61B900-0186-4680-A193-4916C6AB164B}.Release|Any CPU.ActiveCfg = Release|Any CPU
		{3A61B900-0186-4680-A193-4916C6AB164B}.Release|Any CPU.Build.0 = Release|Any CPU
		{8C7D9667-9DFD-46DF-B492-0DF1C309BA75}.Debug|Any CPU.ActiveCfg = Debug|Any CPU
		{8C7D9667-9DFD-46DF-B492-0DF1C309BA75}.Debug|Any CPU.Build.0 = Debug|Any CPU
		{8C7D9667-9DFD-46DF-B492-0DF1C309BA75}.Release|Any CPU.ActiveCfg = Release|Any CPU
		{8C7D9667-9DFD-46DF-B492-0DF1C309BA75}.Release|Any CPU.Build.0 = Release|Any CPU
	EndGlobalSection
	GlobalSection(SolutionProperties) = preSolution
		HideSolutionNode = FALSE
	EndGlobalSection
	GlobalSection(NestedProjects) = preSolution
		{85325B3C-5A52-4940-9796-82BC6124DD39} = {3F25D901-EB87-4093-9FF4-122288647594}
		{215D3321-7C2A-43A5-A888-F66C87054077} = {85325B3C-5A52-4940-9796-82BC6124DD39}
		{6448EF81-4AD6-4956-973C-48AF251C2C5C} = {85325B3C-5A52-4940-9796-82BC6124DD39}
		{8DFAA6D5-A4F1-4B19-A42F-B71F51EEA7D4} = {85325B3C-5A52-4940-9796-82BC6124DD39}
		{316155EC-C861-4F2A-8217-440128025B63} = {85325B3C-5A52-4940-9796-82BC6124DD39}
		{26E96759-E2DB-4879-B815-2EB694B875D4} = {85325B3C-5A52-4940-9796-82BC6124DD39}
		{958E7E79-C02A-41AC-ACDD-9A73DFE22150} = {85325B3C-5A52-4940-9796-82BC6124DD39}
		{0F6AC39B-41BD-43FA-9236-525C4B87773C} = {85325B3C-5A52-4940-9796-82BC6124DD39}
		{65F63881-8113-4838-B02D-45030613A2CA} = {85325B3C-5A52-4940-9796-82BC6124DD39}
		{480CE768-EF84-478C-AFE7-330D1C7CAFF3} = {85325B3C-5A52-4940-9796-82BC6124DD39}
		{AB3C09C5-4DBA-4DE2-ADA2-5EA74A02EA0C} = {85325B3C-5A52-4940-9796-82BC6124DD39}
		{309E340A-C554-4F09-861D-C336D2BAA3B8} = {3F25D901-EB87-4093-9FF4-122288647594}
		{01BEB10C-3676-4EC7-BF9A-3DDB693216BA} = {309E340A-C554-4F09-861D-C336D2BAA3B8}
		{156CE9C1-BFC5-4929-97E9-3FC72AE22941} = {309E340A-C554-4F09-861D-C336D2BAA3B8}
		{E7D81F29-4143-41F0-A3D1-C6F72BF6180A} = {309E340A-C554-4F09-861D-C336D2BAA3B8}
		{A0CD3063-AB36-479B-A27B-43044AAC9819} = {309E340A-C554-4F09-861D-C336D2BAA3B8}
		{A254F794-A7AF-4A39-A2EE-76B0DD629E6E} = {309E340A-C554-4F09-861D-C336D2BAA3B8}
		{C69321D0-8036-4133-A643-E8978B70EF27} = {309E340A-C554-4F09-861D-C336D2BAA3B8}
		{920B510A-B90A-4F56-B4B0-92CB9F68F6D9} = {309E340A-C554-4F09-861D-C336D2BAA3B8}
		{585B6B2A-7A3D-44E8-A059-B63EDC37D715} = {309E340A-C554-4F09-861D-C336D2BAA3B8}
		{08DE2337-03D0-499D-A673-6DB71AB5DECE} = {309E340A-C554-4F09-861D-C336D2BAA3B8}
		{619FD705-1FA4-44FB-8D89-A5BB358FCBB0} = {3F25D901-EB87-4093-9FF4-122288647594}
		{CDA5C69C-8268-494D-B292-78F4FF9D8B24} = {619FD705-1FA4-44FB-8D89-A5BB358FCBB0}
		{E4D85F71-4C8F-4A44-B5AD-6DD49FE1F1D8} = {619FD705-1FA4-44FB-8D89-A5BB358FCBB0}
		{3C259154-73E6-43B4-AE10-5DB06A3C21AD} = {619FD705-1FA4-44FB-8D89-A5BB358FCBB0}
		{3EC2AFE1-7DA1-4F2E-8FB5-D3A3B516DCB2} = {619FD705-1FA4-44FB-8D89-A5BB358FCBB0}
		{2AE1D19B-512A-4050-AA36-8E309F77E7F1} = {619FD705-1FA4-44FB-8D89-A5BB358FCBB0}
		{5E96ED03-D401-482A-A589-4DA5BCF46B08} = {619FD705-1FA4-44FB-8D89-A5BB358FCBB0}
		{97C06A2F-C91D-42FC-AAE2-767C7285BA41} = {619FD705-1FA4-44FB-8D89-A5BB358FCBB0}
		{05D746F2-9809-401E-B667-E2C8AD2287FB} = {3F25D901-EB87-4093-9FF4-122288647594}
		{FA7807C2-F8B1-4532-8767-066AD2F2917B} = {05D746F2-9809-401E-B667-E2C8AD2287FB}
		{0A118426-3013-4B07-9007-3FECFF34547D} = {05D746F2-9809-401E-B667-E2C8AD2287FB}
		{85B6348B-7311-4BAA-9005-2CA8E609EBF2} = {05D746F2-9809-401E-B667-E2C8AD2287FB}
		{1D48F167-5600-47E0-B5AB-9BCF7C743F1F} = {05D746F2-9809-401E-B667-E2C8AD2287FB}
		{5A68163C-E135-4CE5-8C6D-DF1372116F43} = {05D746F2-9809-401E-B667-E2C8AD2287FB}
		{33CF23B2-4C12-49D2-8963-88C5797689CF} = {05D746F2-9809-401E-B667-E2C8AD2287FB}
		{F7F86B67-52A1-4037-98FC-4640106EEFDF} = {3F25D901-EB87-4093-9FF4-122288647594}
		{8C11EF1B-EE2C-4125-864D-670EA75E951F} = {F7F86B67-52A1-4037-98FC-4640106EEFDF}
		{49FCCFFC-0DA2-4FEC-8726-FB6050DE775A} = {F7F86B67-52A1-4037-98FC-4640106EEFDF}
		{DDC75D37-4EC3-469B-A582-0195D9132ACC} = {F7F86B67-52A1-4037-98FC-4640106EEFDF}
		{5D95F4A1-F051-4E42-8BB1-FDC7CAAAF8BD} = {F7F86B67-52A1-4037-98FC-4640106EEFDF}
		{C026E2A5-7227-4233-9165-126381E30EFA} = {F7F86B67-52A1-4037-98FC-4640106EEFDF}
		{6B5D8BDD-0F14-4BA5-BD31-4BEFEDF2A909} = {F7F86B67-52A1-4037-98FC-4640106EEFDF}
		{EF0DB179-1B5F-47A4-A2C3-AC634937631A} = {F7F86B67-52A1-4037-98FC-4640106EEFDF}
		{53096EC1-6523-486E-8BE1-CE968CA3E759} = {3F25D901-EB87-4093-9FF4-122288647594}
		{954D5817-4964-4EC1-B7E3-08C905999EC8} = {53096EC1-6523-486E-8BE1-CE968CA3E759}
		{F736BB72-C351-4E2C-B394-4E0C3F6E590C} = {53096EC1-6523-486E-8BE1-CE968CA3E759}
		{576779E9-2E32-4FD2-96C7-97E0D15C9EBA} = {3F25D901-EB87-4093-9FF4-122288647594}
		{4A434C44-B3A1-43D4-AF12-D941A1546CF2} = {576779E9-2E32-4FD2-96C7-97E0D15C9EBA}
		{51DCB4B6-735C-4A96-8326-081DBBB96C11} = {576779E9-2E32-4FD2-96C7-97E0D15C9EBA}
		{5CC530C7-A819-44E2-910F-D390A6798181} = {576779E9-2E32-4FD2-96C7-97E0D15C9EBA}
		{A94785BD-F27F-418B-A460-5D01603F54D1} = {576779E9-2E32-4FD2-96C7-97E0D15C9EBA}
		{1F59713F-F9D9-4ECB-A681-87AD61E43453} = {576779E9-2E32-4FD2-96C7-97E0D15C9EBA}
		{3A61B900-0186-4680-A193-4916C6AB164B} = {576779E9-2E32-4FD2-96C7-97E0D15C9EBA}
		{C91B8B14-3B9F-4C80-B62C-FE21D8E80036} = {3F25D901-EB87-4093-9FF4-122288647594}
		{8C7D9667-9DFD-46DF-B492-0DF1C309BA75} = {C91B8B14-3B9F-4C80-B62C-FE21D8E80036}
	EndGlobalSection
EndGlobal
