
Microsoft Visual Studio Solution File, Format Version 12.00
# Visual Studio 14
VisualStudioVersion = 14.0.25420.1
MinimumVisualStudioVersion = 10.0.40219.1
Project("{8BB2217D-0F2D-49D1-97BC-3654ED321F3B}") = "WhereOperator", "src\Operators\Filtering\WhereOperator\WhereOperator.xproj", "{215D3321-7C2A-43A5-A888-F66C87054077}"
EndProject
Project("{2150E333-8FDC-42A3-9474-1A3956D46DE8}") = "Solution Items", "Solution Items", "{5A74B791-076F-4DAB-BF86-0F36159C9268}"
	ProjectSection(SolutionItems) = preProject
		global.json = global.json
	EndProjectSection
EndProject
Project("{2150E333-8FDC-42A3-9474-1A3956D46DE8}") = "Operators", "Operators", "{3F25D901-EB87-4093-9FF4-122288647594}"
EndProject
Project("{2150E333-8FDC-42A3-9474-1A3956D46DE8}") = "Filtering", "Filtering", "{85325B3C-5A52-4940-9796-82BC6124DD39}"
EndProject
Project("{8BB2217D-0F2D-49D1-97BC-3654ED321F3B}") = "ElementAt", "src\Operators\Filtering\ElementAtOperator\ElementAtOperator.xproj", "{6448EF81-4AD6-4956-973C-48AF251C2C5C}"
EndProject
Project("{8BB2217D-0F2D-49D1-97BC-3654ED321F3B}") = "IgnoreElementsOperator", "src\Operators\Filtering\IgnoreElementsOperator\IgnoreElementsOperator.xproj", "{8DFAA6D5-A4F1-4B19-A42F-B71F51EEA7D4}"
EndProject
Project("{8BB2217D-0F2D-49D1-97BC-3654ED321F3B}") = "DistinctOperator", "src\Operators\Filtering\DistinctOperator\DistinctOperator.xproj", "{316155EC-C861-4F2A-8217-440128025B63}"
EndProject
Project("{8BB2217D-0F2D-49D1-97BC-3654ED321F3B}") = "FirstOperator", "src\Operators\Filtering\FirstOperator\FirstOperator.xproj", "{26E96759-E2DB-4879-B815-2EB694B875D4}"
EndProject
Project("{8BB2217D-0F2D-49D1-97BC-3654ED321F3B}") = "LastOperator", "src\Operators\Filtering\LastOperator\LastOperator.xproj", "{958E7E79-C02A-41AC-ACDD-9A73DFE22150}"
EndProject
Project("{8BB2217D-0F2D-49D1-97BC-3654ED321F3B}") = "SkipAndSkipLastOperator", "src\Operators\Filtering\SkipAndSkipLastOperator\SkipAndSkipLastOperator.xproj", "{0F6AC39B-41BD-43FA-9236-525C4B87773C}"
EndProject
Project("{8BB2217D-0F2D-49D1-97BC-3654ED321F3B}") = "TakeAndTakeLastOperator", "src\Operators\Filtering\TakeAndTakeLastOperator\TakeAndTakeLastOperator.xproj", "{65F63881-8113-4838-B02D-45030613A2CA}"
EndProject
Project("{8BB2217D-0F2D-49D1-97BC-3654ED321F3B}") = "SampleOperator", "src\Operators\Filtering\SampleOperator\SampleOperator.xproj", "{480CE768-EF84-478C-AFE7-330D1C7CAFF3}"
EndProject
Project("{8BB2217D-0F2D-49D1-97BC-3654ED321F3B}") = "ThrottleOperator", "src\Operators\Filtering\ThrottleOperator\ThrottleOperator.xproj", "{AB3C09C5-4DBA-4DE2-ADA2-5EA74A02EA0C}"
EndProject
Project("{2150E333-8FDC-42A3-9474-1A3956D46DE8}") = "Conditional and Boolean", "Conditional and Boolean", "{309E340A-C554-4F09-861D-C336D2BAA3B8}"
EndProject
Project("{8BB2217D-0F2D-49D1-97BC-3654ED321F3B}") = "AllOperator", "src\Operators\Conditional and Boolean\AllOperator\AllOperator.xproj", "{01BEB10C-3676-4EC7-BF9A-3DDB693216BA}"
EndProject
Project("{8BB2217D-0F2D-49D1-97BC-3654ED321F3B}") = "ContainsOperator", "src\Operators\Conditional and Boolean\ContainsOperator\ContainsOperator.xproj", "{156CE9C1-BFC5-4929-97E9-3FC72AE22941}"
EndProject
Project("{8BB2217D-0F2D-49D1-97BC-3654ED321F3B}") = "SequenceEqualsOperator", "src\Operators\Conditional and Boolean\SequenceEqualsOperator\SequenceEqualsOperator.xproj", "{E7D81F29-4143-41F0-A3D1-C6F72BF6180A}"
EndProject
Project("{8BB2217D-0F2D-49D1-97BC-3654ED321F3B}") = "DefaultIfEmptyOperator", "src\Operators\Conditional and Boolean\DefaultIfEmptyOperator\DefaultIfEmptyOperator.xproj", "{A0CD3063-AB36-479B-A27B-43044AAC9819}"
EndProject
Project("{8BB2217D-0F2D-49D1-97BC-3654ED321F3B}") = "SkipUntilOperator", "src\Operators\Conditional and Boolean\SkipUntilOperator\SkipUntilOperator.xproj", "{A254F794-A7AF-4A39-A2EE-76B0DD629E6E}"
EndProject
Global
	GlobalSection(SolutionConfigurationPlatforms) = preSolution
		Debug|Any CPU = Debug|Any CPU
		Release|Any CPU = Release|Any CPU
	EndGlobalSection
	GlobalSection(ProjectConfigurationPlatforms) = postSolution
		{215D3321-7C2A-43A5-A888-F66C87054077}.Debug|Any CPU.ActiveCfg = Debug|Any CPU
		{215D3321-7C2A-43A5-A888-F66C87054077}.Debug|Any CPU.Build.0 = Debug|Any CPU
		{215D3321-7C2A-43A5-A888-F66C87054077}.Release|Any CPU.ActiveCfg = Release|Any CPU
		{215D3321-7C2A-43A5-A888-F66C87054077}.Release|Any CPU.Build.0 = Release|Any CPU
		{6448EF81-4AD6-4956-973C-48AF251C2C5C}.Debug|Any CPU.ActiveCfg = Debug|Any CPU
		{6448EF81-4AD6-4956-973C-48AF251C2C5C}.Debug|Any CPU.Build.0 = Debug|Any CPU
		{6448EF81-4AD6-4956-973C-48AF251C2C5C}.Release|Any CPU.ActiveCfg = Release|Any CPU
		{6448EF81-4AD6-4956-973C-48AF251C2C5C}.Release|Any CPU.Build.0 = Release|Any CPU
		{8DFAA6D5-A4F1-4B19-A42F-B71F51EEA7D4}.Debug|Any CPU.ActiveCfg = Debug|Any CPU
		{8DFAA6D5-A4F1-4B19-A42F-B71F51EEA7D4}.Debug|Any CPU.Build.0 = Debug|Any CPU
		{8DFAA6D5-A4F1-4B19-A42F-B71F51EEA7D4}.Release|Any CPU.ActiveCfg = Release|Any CPU
		{8DFAA6D5-A4F1-4B19-A42F-B71F51EEA7D4}.Release|Any CPU.Build.0 = Release|Any CPU
		{316155EC-C861-4F2A-8217-440128025B63}.Debug|Any CPU.ActiveCfg = Debug|Any CPU
		{316155EC-C861-4F2A-8217-440128025B63}.Debug|Any CPU.Build.0 = Debug|Any CPU
		{316155EC-C861-4F2A-8217-440128025B63}.Release|Any CPU.ActiveCfg = Release|Any CPU
		{316155EC-C861-4F2A-8217-440128025B63}.Release|Any CPU.Build.0 = Release|Any CPU
		{26E96759-E2DB-4879-B815-2EB694B875D4}.Debug|Any CPU.ActiveCfg = Debug|Any CPU
		{26E96759-E2DB-4879-B815-2EB694B875D4}.Debug|Any CPU.Build.0 = Debug|Any CPU
		{26E96759-E2DB-4879-B815-2EB694B875D4}.Release|Any CPU.ActiveCfg = Release|Any CPU
		{26E96759-E2DB-4879-B815-2EB694B875D4}.Release|Any CPU.Build.0 = Release|Any CPU
		{958E7E79-C02A-41AC-ACDD-9A73DFE22150}.Debug|Any CPU.ActiveCfg = Debug|Any CPU
		{958E7E79-C02A-41AC-ACDD-9A73DFE22150}.Debug|Any CPU.Build.0 = Debug|Any CPU
		{958E7E79-C02A-41AC-ACDD-9A73DFE22150}.Release|Any CPU.ActiveCfg = Release|Any CPU
		{958E7E79-C02A-41AC-ACDD-9A73DFE22150}.Release|Any CPU.Build.0 = Release|Any CPU
		{0F6AC39B-41BD-43FA-9236-525C4B87773C}.Debug|Any CPU.ActiveCfg = Debug|Any CPU
		{0F6AC39B-41BD-43FA-9236-525C4B87773C}.Debug|Any CPU.Build.0 = Debug|Any CPU
		{0F6AC39B-41BD-43FA-9236-525C4B87773C}.Release|Any CPU.ActiveCfg = Release|Any CPU
		{0F6AC39B-41BD-43FA-9236-525C4B87773C}.Release|Any CPU.Build.0 = Release|Any CPU
		{65F63881-8113-4838-B02D-45030613A2CA}.Debug|Any CPU.ActiveCfg = Debug|Any CPU
		{65F63881-8113-4838-B02D-45030613A2CA}.Debug|Any CPU.Build.0 = Debug|Any CPU
		{65F63881-8113-4838-B02D-45030613A2CA}.Release|Any CPU.ActiveCfg = Release|Any CPU
		{65F63881-8113-4838-B02D-45030613A2CA}.Release|Any CPU.Build.0 = Release|Any CPU
		{480CE768-EF84-478C-AFE7-330D1C7CAFF3}.Debug|Any CPU.ActiveCfg = Debug|Any CPU
		{480CE768-EF84-478C-AFE7-330D1C7CAFF3}.Debug|Any CPU.Build.0 = Debug|Any CPU
		{480CE768-EF84-478C-AFE7-330D1C7CAFF3}.Release|Any CPU.ActiveCfg = Release|Any CPU
		{480CE768-EF84-478C-AFE7-330D1C7CAFF3}.Release|Any CPU.Build.0 = Release|Any CPU
		{AB3C09C5-4DBA-4DE2-ADA2-5EA74A02EA0C}.Debug|Any CPU.ActiveCfg = Debug|Any CPU
		{AB3C09C5-4DBA-4DE2-ADA2-5EA74A02EA0C}.Debug|Any CPU.Build.0 = Debug|Any CPU
		{AB3C09C5-4DBA-4DE2-ADA2-5EA74A02EA0C}.Release|Any CPU.ActiveCfg = Release|Any CPU
		{AB3C09C5-4DBA-4DE2-ADA2-5EA74A02EA0C}.Release|Any CPU.Build.0 = Release|Any CPU
		{01BEB10C-3676-4EC7-BF9A-3DDB693216BA}.Debug|Any CPU.ActiveCfg = Debug|Any CPU
		{01BEB10C-3676-4EC7-BF9A-3DDB693216BA}.Debug|Any CPU.Build.0 = Debug|Any CPU
		{01BEB10C-3676-4EC7-BF9A-3DDB693216BA}.Release|Any CPU.ActiveCfg = Release|Any CPU
		{01BEB10C-3676-4EC7-BF9A-3DDB693216BA}.Release|Any CPU.Build.0 = Release|Any CPU
		{156CE9C1-BFC5-4929-97E9-3FC72AE22941}.Debug|Any CPU.ActiveCfg = Debug|Any CPU
		{156CE9C1-BFC5-4929-97E9-3FC72AE22941}.Debug|Any CPU.Build.0 = Debug|Any CPU
		{156CE9C1-BFC5-4929-97E9-3FC72AE22941}.Release|Any CPU.ActiveCfg = Release|Any CPU
		{156CE9C1-BFC5-4929-97E9-3FC72AE22941}.Release|Any CPU.Build.0 = Release|Any CPU
		{E7D81F29-4143-41F0-A3D1-C6F72BF6180A}.Debug|Any CPU.ActiveCfg = Debug|Any CPU
		{E7D81F29-4143-41F0-A3D1-C6F72BF6180A}.Debug|Any CPU.Build.0 = Debug|Any CPU
		{E7D81F29-4143-41F0-A3D1-C6F72BF6180A}.Release|Any CPU.ActiveCfg = Release|Any CPU
		{E7D81F29-4143-41F0-A3D1-C6F72BF6180A}.Release|Any CPU.Build.0 = Release|Any CPU
		{A0CD3063-AB36-479B-A27B-43044AAC9819}.Debug|Any CPU.ActiveCfg = Debug|Any CPU
		{A0CD3063-AB36-479B-A27B-43044AAC9819}.Debug|Any CPU.Build.0 = Debug|Any CPU
		{A0CD3063-AB36-479B-A27B-43044AAC9819}.Release|Any CPU.ActiveCfg = Release|Any CPU
		{A0CD3063-AB36-479B-A27B-43044AAC9819}.Release|Any CPU.Build.0 = Release|Any CPU
		{A254F794-A7AF-4A39-A2EE-76B0DD629E6E}.Debug|Any CPU.ActiveCfg = Debug|Any CPU
		{A254F794-A7AF-4A39-A2EE-76B0DD629E6E}.Debug|Any CPU.Build.0 = Debug|Any CPU
		{A254F794-A7AF-4A39-A2EE-76B0DD629E6E}.Release|Any CPU.ActiveCfg = Release|Any CPU
		{A254F794-A7AF-4A39-A2EE-76B0DD629E6E}.Release|Any CPU.Build.0 = Release|Any CPU
	EndGlobalSection
	GlobalSection(SolutionProperties) = preSolution
		HideSolutionNode = FALSE
	EndGlobalSection
	GlobalSection(NestedProjects) = preSolution
		{85325B3C-5A52-4940-9796-82BC6124DD39} = {3F25D901-EB87-4093-9FF4-122288647594}
		{215D3321-7C2A-43A5-A888-F66C87054077} = {85325B3C-5A52-4940-9796-82BC6124DD39}
		{6448EF81-4AD6-4956-973C-48AF251C2C5C} = {85325B3C-5A52-4940-9796-82BC6124DD39}
		{8DFAA6D5-A4F1-4B19-A42F-B71F51EEA7D4} = {85325B3C-5A52-4940-9796-82BC6124DD39}
		{316155EC-C861-4F2A-8217-440128025B63} = {85325B3C-5A52-4940-9796-82BC6124DD39}
		{26E96759-E2DB-4879-B815-2EB694B875D4} = {85325B3C-5A52-4940-9796-82BC6124DD39}
		{958E7E79-C02A-41AC-ACDD-9A73DFE22150} = {85325B3C-5A52-4940-9796-82BC6124DD39}
		{0F6AC39B-41BD-43FA-9236-525C4B87773C} = {85325B3C-5A52-4940-9796-82BC6124DD39}
		{65F63881-8113-4838-B02D-45030613A2CA} = {85325B3C-5A52-4940-9796-82BC6124DD39}
		{480CE768-EF84-478C-AFE7-330D1C7CAFF3} = {85325B3C-5A52-4940-9796-82BC6124DD39}
		{AB3C09C5-4DBA-4DE2-ADA2-5EA74A02EA0C} = {85325B3C-5A52-4940-9796-82BC6124DD39}
		{309E340A-C554-4F09-861D-C336D2BAA3B8} = {3F25D901-EB87-4093-9FF4-122288647594}
		{01BEB10C-3676-4EC7-BF9A-3DDB693216BA} = {309E340A-C554-4F09-861D-C336D2BAA3B8}
		{156CE9C1-BFC5-4929-97E9-3FC72AE22941} = {309E340A-C554-4F09-861D-C336D2BAA3B8}
		{E7D81F29-4143-41F0-A3D1-C6F72BF6180A} = {309E340A-C554-4F09-861D-C336D2BAA3B8}
		{A0CD3063-AB36-479B-A27B-43044AAC9819} = {309E340A-C554-4F09-861D-C336D2BAA3B8}
		{A254F794-A7AF-4A39-A2EE-76B0DD629E6E} = {309E340A-C554-4F09-861D-C336D2BAA3B8}
	EndGlobalSection
EndGlobal
